
Microsoft Visual Studio Solution File, Format Version 12.00
# Visual Studio 15
VisualStudioVersion = 15.0.26730.12
MinimumVisualStudioVersion = 10.0.40219.1
Project("{8BC9CEB8-8B4A-11D0-8D11-00A0C91BC942}") = "Anti-malware", "BRUCON_antihooking\BRUCON_antihooking.vcxproj", "{5D979FED-D7AF-42EC-8E34-735C06FAD0F9}"
EndProject
Project("{8BC9CEB8-8B4A-11D0-8D11-00A0C91BC942}") = "malware", "malware\malware.vcxproj", "{C83AC23B-C738-4B6E-AB94-410D0EB066AD}"
EndProject
Global
	GlobalSection(SolutionConfigurationPlatforms) = preSolution
		Debug|x64 = Debug|x64
		Debug|x86 = Debug|x86
		Release|x64 = Release|x64
		Release|x86 = Release|x86
	EndGlobalSection
	GlobalSection(ProjectConfigurationPlatforms) = postSolution
		{5D979FED-D7AF-42EC-8E34-735C06FAD0F9}.Debug|x64.ActiveCfg = Debug|x64
		{5D979FED-D7AF-42EC-8E34-735C06FAD0F9}.Debug|x64.Build.0 = Debug|x64
		{5D979FED-D7AF-42EC-8E34-735C06FAD0F9}.Debug|x86.ActiveCfg = Debug|Win32
		{5D979FED-D7AF-42EC-8E34-735C06FAD0F9}.Debug|x86.Build.0 = Debug|Win32
		{5D979FED-D7AF-42EC-8E34-735C06FAD0F9}.Release|x64.ActiveCfg = Release|x64
		{5D979FED-D7AF-42EC-8E34-735C06FAD0F9}.Release|x64.Build.0 = Release|x64
		{5D979FED-D7AF-42EC-8E34-735C06FAD0F9}.Release|x86.ActiveCfg = Release|Win32
		{5D979FED-D7AF-42EC-8E34-735C06FAD0F9}.Release|x86.Build.0 = Release|Win32
		{C83AC23B-C738-4B6E-AB94-410D0EB066AD}.Debug|x64.ActiveCfg = Debug|x64
		{C83AC23B-C738-4B6E-AB94-410D0EB066AD}.Debug|x64.Build.0 = Debug|x64
		{C83AC23B-C738-4B6E-AB94-410D0EB066AD}.Debug|x86.ActiveCfg = Debug|Win32
		{C83AC23B-C738-4B6E-AB94-410D0EB066AD}.Debug|x86.Build.0 = Debug|Win32
		{C83AC23B-C738-4B6E-AB94-410D0EB066AD}.Release|x64.ActiveCfg = Release|x64
		{C83AC23B-C738-4B6E-AB94-410D0EB066AD}.Release|x64.Build.0 = Release|x64
		{C83AC23B-C738-4B6E-AB94-410D0EB066AD}.Release|x86.ActiveCfg = Release|Win32
		{C83AC23B-C738-4B6E-AB94-410D0EB066AD}.Release|x86.Build.0 = Release|Win32
	EndGlobalSection
	GlobalSection(SolutionProperties) = preSolution
		HideSolutionNode = FALSE
	EndGlobalSection
	GlobalSection(ExtensibilityGlobals) = postSolution
		SolutionGuid = {1B61F939-BCAD-492A-88BC-3440C8CAC8A9}
	EndGlobalSection
EndGlobal
